
Microsoft Visual Studio Solution File, Format Version 12.00
# Visual Studio 15
VisualStudioVersion = 15.0.27703.2026
MinimumVisualStudioVersion = 10.0.40219.1
Project("{FAE04EC0-301F-11D3-BF4B-00C04F79EFBC}") = "DiscordAlert", "DiscordAlert\DiscordAlert.csproj", "{79519ADB-EF93-4B7E-8EBE-C5C829660166}"
EndProject
Project("{9A19103F-16F7-4668-BE54-9A1E7A4F7556}") = "DiscordAlertDotNet", "DiscordAlertDotNet\DiscordAlertDotNet.csproj", "{F572F471-B082-49A4-A184-A482DCA386A5}"
EndProject
Global
	GlobalSection(SolutionConfigurationPlatforms) = preSolution
		Debug|Any CPU = Debug|Any CPU
		Prerelease|Any CPU = Prerelease|Any CPU
		Release|Any CPU = Release|Any CPU
	EndGlobalSection
	GlobalSection(ProjectConfigurationPlatforms) = postSolution
		{79519ADB-EF93-4B7E-8EBE-C5C829660166}.Debug|Any CPU.ActiveCfg = Debug|Any CPU
		{79519ADB-EF93-4B7E-8EBE-C5C829660166}.Debug|Any CPU.Build.0 = Debug|Any CPU
		{79519ADB-EF93-4B7E-8EBE-C5C829660166}.Prerelease|Any CPU.ActiveCfg = Release|Any CPU
		{79519ADB-EF93-4B7E-8EBE-C5C829660166}.Release|Any CPU.ActiveCfg = Release|Any CPU
		{79519ADB-EF93-4B7E-8EBE-C5C829660166}.Release|Any CPU.Build.0 = Release|Any CPU
		{F572F471-B082-49A4-A184-A482DCA386A5}.Debug|Any CPU.ActiveCfg = Debug|Any CPU
		{F572F471-B082-49A4-A184-A482DCA386A5}.Debug|Any CPU.Build.0 = Debug|Any CPU
		{F572F471-B082-49A4-A184-A482DCA386A5}.Prerelease|Any CPU.ActiveCfg = Release|Any CPU
		{F572F471-B082-49A4-A184-A482DCA386A5}.Prerelease|Any CPU.Build.0 = Release|Any CPU
		{F572F471-B082-49A4-A184-A482DCA386A5}.Release|Any CPU.ActiveCfg = Release|Any CPU
		{F572F471-B082-49A4-A184-A482DCA386A5}.Release|Any CPU.Build.0 = Release|Any CPU
	EndGlobalSection
	GlobalSection(SolutionProperties) = preSolution
		HideSolutionNode = FALSE
	EndGlobalSection
	GlobalSection(ExtensibilityGlobals) = postSolution
		SolutionGuid = {6CD7DCA2-8B00-4C72-A353-51778910D693}
	EndGlobalSection
EndGlobal
